# This file is automatically @generated by Cargo.
# It is not intended for manual editing.
version = 3

[[package]]
name = "interpreter"
version = "0.1.0"
dependencies = [
 "lexer",
 "parser",
 "utils",
]

[[package]]
name = "lexer"
version = "0.1.0"
dependencies = [
 "utils",
]

[[package]]
name = "lox"
version = "0.1.0"
dependencies = [
 "interpreter",
 "lexer",
 "parser",
]

[[package]]
name = "parser"
version = "0.1.0"
dependencies = [
 "lexer",
 "utils",
]

[[package]]
name = "utils"
version = "0.1.0"
